{
  "version": 4,
  "terraform_version": "1.9.8",
  "serial": 10,
  "lineage": "4bc2d8c6-89bf-8acc-a498-b88e7903f6a2",
  "outputs": {
    "publicIP": {
      "value": "20.185.244.114",
      "type": "string"
    }
  },
  "resources": [
    {
      "mode": "managed",
      "type": "azurerm_linux_virtual_machine",
      "name": "myterraformvm",
      "provider": "provider[\"registry.terraform.io/hashicorp/azurerm\"]",
      "instances": [
        {
          "schema_version": 0,
          "attributes": {
            "additional_capabilities": [],
            "admin_password": null,
            "admin_ssh_key": [
              {
                "public_key": "ssh-rsa AAAAB3NzaC1yc2EAAAADAQABAAABgQDexbkWjLLZ1iOUdQ1JlRQzx7sV6loZ2YO0CHPMyiIeOlawt4cfCnL4aX3lfhkLQvJYUj8KwSw+uo/z5fXotoJE6m3u8nPAAlX29EfwTRxdfFDOFpCpK/hsHiKDOCGbPadTsOxh4k67l4Ms8VU4M1HC0YHXaA/tb352l+JcYw3HNLMmk1UnVsKxsFN413/FBW8i/1jiROzKnr/6I402zw+HHgDuGmPyp/pWtkh7vP7UKwyxlV3ZEaLGr7H6FzqCAeZSOhh2ih0qhVk9ltZjCNT0WRKzqymY2JmH7q5ofq47OxHqsNJ8fIkrWlbKBS9y5GodVLNQe8m35scEdL8z86+v8luKKRGVq/LFrgJ94t/5qbjfQmExSzyo+QgH9621pNK9qKjG7a3dl/yf2Cblz91KbANw6I7cZLMSpgG73cwN3ZsHriaLoR32hiwH0obhwBgR0FlMJ3N8/KXwxMewaPGO6elLbYv9nYWDCjdNVVQHx1TVVhNWIy1jYczJKD9aioE= generated-by-azure\n",
                "username": "azureuser"
              }
            ],
            "admin_username": "azureuser",
            "allow_extension_operations": true,
            "availability_set_id": "",
            "boot_diagnostics": [],
            "bypass_platform_safety_checks_on_user_schedule_enabled": false,
            "capacity_reservation_group_id": "",
            "computer_name": "Derek-VM",
            "custom_data": null,
            "dedicated_host_group_id": "",
            "dedicated_host_id": "",
            "disable_password_authentication": true,
            "disk_controller_type": "",
            "edge_zone": "",
            "encryption_at_host_enabled": false,
            "eviction_policy": "",
            "extensions_time_budget": "PT1H30M",
            "gallery_application": [],
            "id": "/subscriptions/02cb372f-c8c5-4a0c-b9f4-574eeb4d6d38/resourceGroups/fall24-adv-scripting-dstevens-kalinich/providers/Microsoft.Compute/virtualMachines/Derek-VM",
            "identity": [],
            "license_type": "",
            "location": "eastus",
            "max_bid_price": -1,
            "name": "Derek-VM",
            "network_interface_ids": [
              "/subscriptions/02cb372f-c8c5-4a0c-b9f4-574eeb4d6d38/resourceGroups/fall24-adv-scripting-dstevens-kalinich/providers/Microsoft.Network/networkInterfaces/myNIC"
            ],
            "os_disk": [
              {
                "caching": "ReadWrite",
                "diff_disk_settings": [],
                "disk_encryption_set_id": "",
                "disk_size_gb": 30,
                "name": "myOsDisk",
                "secure_vm_disk_encryption_set_id": "",
                "security_encryption_type": "",
                "storage_account_type": "Premium_LRS",
                "write_accelerator_enabled": false
              }
            ],
            "os_image_notification": [],
            "patch_assessment_mode": "ImageDefault",
            "patch_mode": "ImageDefault",
            "plan": [],
            "platform_fault_domain": -1,
            "priority": "Regular",
            "private_ip_address": "10.0.2.4",
            "private_ip_addresses": [
              "10.0.2.4"
            ],
            "provision_vm_agent": true,
            "proximity_placement_group_id": "",
            "public_ip_address": "20.185.244.114",
            "public_ip_addresses": [
              "20.185.244.114"
            ],
            "reboot_setting": "",
            "resource_group_name": "fall24-adv-scripting-dstevens-kalinich",
            "secret": [],
            "secure_boot_enabled": false,
            "size": "Standard_DS1_v2",
            "source_image_id": "",
            "source_image_reference": [
              {
                "offer": "UbuntuServer",
                "publisher": "Canonical",
                "sku": "18.04-LTS",
                "version": "latest"
              }
            ],
            "tags": {
              "environment": "Terraform Demo"
            },
            "termination_notification": null,
            "timeouts": null,
            "user_data": "",
            "virtual_machine_id": "0973c43c-5dbe-4915-a655-b04b257a8806",
            "virtual_machine_scale_set_id": "",
            "vm_agent_platform_updates_enabled": false,
            "vtpm_enabled": false,
            "zone": ""
          },
          "sensitive_attributes": [
            [
              {
                "type": "get_attr",
                "value": "admin_password"
              }
            ],
            [
              {
                "type": "get_attr",
                "value": "custom_data"
              }
            ]
          ],
          "private": "eyJlMmJmYjczMC1lY2FhLTExZTYtOGY4OC0zNDM2M2JjN2M0YzAiOnsiY3JlYXRlIjoyNzAwMDAwMDAwMDAwLCJkZWxldGUiOjI3MDAwMDAwMDAwMDAsInJlYWQiOjMwMDAwMDAwMDAwMCwidXBkYXRlIjoyNzAwMDAwMDAwMDAwfX0=",
          "dependencies": [
            "azurerm_network_interface.myterraformnic",
            "azurerm_public_ip.myterraformpublicip",
            "azurerm_subnet.myterraformsubnet",
            "azurerm_virtual_network.myterraformnetwork"
          ]
        }
      ]
    },
    {
      "mode": "managed",
      "type": "azurerm_network_interface",
      "name": "myterraformnic",
      "provider": "provider[\"registry.terraform.io/hashicorp/azurerm\"]",
      "instances": [
        {
          "schema_version": 0,
          "attributes": {
            "accelerated_networking_enabled": false,
            "applied_dns_servers": [],
            "auxiliary_mode": "",
            "auxiliary_sku": "",
            "dns_servers": null,
            "edge_zone": "",
            "id": "/subscriptions/02cb372f-c8c5-4a0c-b9f4-574eeb4d6d38/resourceGroups/fall24-adv-scripting-dstevens-kalinich/providers/Microsoft.Network/networkInterfaces/myNIC",
            "internal_dns_name_label": "",
            "internal_domain_name_suffix": "5ftxr4zzkyzerj3r1uk0bavtta.bx.internal.cloudapp.net",
            "ip_configuration": [
              {
                "gateway_load_balancer_frontend_ip_configuration_id": "",
                "name": "myNicConfiguration",
                "primary": true,
                "private_ip_address": "10.0.2.4",
                "private_ip_address_allocation": "Dynamic",
                "private_ip_address_version": "IPv4",
                "public_ip_address_id": "/subscriptions/02cb372f-c8c5-4a0c-b9f4-574eeb4d6d38/resourceGroups/fall24-adv-scripting-dstevens-kalinich/providers/Microsoft.Network/publicIPAddresses/myPublicIP",
                "subnet_id": "/subscriptions/02cb372f-c8c5-4a0c-b9f4-574eeb4d6d38/resourceGroups/fall24-adv-scripting-dstevens-kalinich/providers/Microsoft.Network/virtualNetworks/myVnet/subnets/mySubnet"
              }
            ],
            "ip_forwarding_enabled": false,
            "location": "eastus",
            "mac_address": "",
            "name": "myNIC",
            "private_ip_address": "10.0.2.4",
            "private_ip_addresses": [
              "10.0.2.4"
            ],
            "resource_group_name": "fall24-adv-scripting-dstevens-kalinich",
            "tags": {
              "environment": "Terraform Demo"
            },
            "timeouts": null,
            "virtual_machine_id": ""
          },
          "sensitive_attributes": [],
          "private": "eyJlMmJmYjczMC1lY2FhLTExZTYtOGY4OC0zNDM2M2JjN2M0YzAiOnsiY3JlYXRlIjoxODAwMDAwMDAwMDAwLCJkZWxldGUiOjE4MDAwMDAwMDAwMDAsInJlYWQiOjMwMDAwMDAwMDAwMCwidXBkYXRlIjoxODAwMDAwMDAwMDAwfX0=",
          "dependencies": [
            "azurerm_public_ip.myterraformpublicip",
            "azurerm_subnet.myterraformsubnet",
            "azurerm_virtual_network.myterraformnetwork"
          ]
        }
      ]
    },
    {
      "mode": "managed",
      "type": "azurerm_network_interface_security_group_association",
      "name": "example",
      "provider": "provider[\"registry.terraform.io/hashicorp/azurerm\"]",
      "instances": [
        {
          "schema_version": 0,
          "attributes": {
            "id": "/subscriptions/02cb372f-c8c5-4a0c-b9f4-574eeb4d6d38/resourceGroups/fall24-adv-scripting-dstevens-kalinich/providers/Microsoft.Network/networkInterfaces/myNIC|/subscriptions/02cb372f-c8c5-4a0c-b9f4-574eeb4d6d38/resourceGroups/fall24-adv-scripting-dstevens-kalinich/providers/Microsoft.Network/networkSecurityGroups/myNetworkSecurityGroup",
            "network_interface_id": "/subscriptions/02cb372f-c8c5-4a0c-b9f4-574eeb4d6d38/resourceGroups/fall24-adv-scripting-dstevens-kalinich/providers/Microsoft.Network/networkInterfaces/myNIC",
            "network_security_group_id": "/subscriptions/02cb372f-c8c5-4a0c-b9f4-574eeb4d6d38/resourceGroups/fall24-adv-scripting-dstevens-kalinich/providers/Microsoft.Network/networkSecurityGroups/myNetworkSecurityGroup",
            "timeouts": null
          },
          "sensitive_attributes": [],
          "private": "eyJlMmJmYjczMC1lY2FhLTExZTYtOGY4OC0zNDM2M2JjN2M0YzAiOnsiY3JlYXRlIjoxODAwMDAwMDAwMDAwLCJkZWxldGUiOjE4MDAwMDAwMDAwMDAsInJlYWQiOjMwMDAwMDAwMDAwMH19",
          "dependencies": [
            "azurerm_network_interface.myterraformnic",
            "azurerm_network_security_group.myterraformnsg",
            "azurerm_public_ip.myterraformpublicip",
            "azurerm_subnet.myterraformsubnet",
            "azurerm_virtual_network.myterraformnetwork"
          ]
        }
      ]
    },
    {
      "mode": "managed",
      "type": "azurerm_network_security_group",
      "name": "myterraformnsg",
      "provider": "provider[\"registry.terraform.io/hashicorp/azurerm\"]",
      "instances": [
        {
          "schema_version": 0,
          "attributes": {
            "id": "/subscriptions/02cb372f-c8c5-4a0c-b9f4-574eeb4d6d38/resourceGroups/fall24-adv-scripting-dstevens-kalinich/providers/Microsoft.Network/networkSecurityGroups/myNetworkSecurityGroup",
            "location": "eastus",
            "name": "myNetworkSecurityGroup",
            "resource_group_name": "fall24-adv-scripting-dstevens-kalinich",
            "security_rule": [
              {
                "access": "Allow",
                "description": "",
                "destination_address_prefix": "*",
                "destination_address_prefixes": [],
                "destination_application_security_group_ids": [],
                "destination_port_range": "22",
                "destination_port_ranges": [],
                "direction": "Inbound",
                "name": "SSH",
                "priority": 1001,
                "protocol": "Tcp",
                "source_address_prefix": "*",
                "source_address_prefixes": [],
                "source_application_security_group_ids": [],
                "source_port_range": "*",
                "source_port_ranges": []
              }
            ],
            "tags": {
              "environment": "Terraform Demo"
            },
            "timeouts": null
          },
          "sensitive_attributes": [],
          "private": "eyJlMmJmYjczMC1lY2FhLTExZTYtOGY4OC0zNDM2M2JjN2M0YzAiOnsiY3JlYXRlIjoxODAwMDAwMDAwMDAwLCJkZWxldGUiOjE4MDAwMDAwMDAwMDAsInJlYWQiOjMwMDAwMDAwMDAwMCwidXBkYXRlIjoxODAwMDAwMDAwMDAwfX0="
        }
      ]
    },
    {
      "mode": "managed",
      "type": "azurerm_public_ip",
      "name": "myterraformpublicip",
      "provider": "provider[\"registry.terraform.io/hashicorp/azurerm\"]",
      "instances": [
        {
          "schema_version": 0,
          "attributes": {
            "allocation_method": "Static",
            "ddos_protection_mode": "VirtualNetworkInherited",
            "ddos_protection_plan_id": null,
            "domain_name_label": null,
            "domain_name_label_scope": null,
            "edge_zone": "",
            "fqdn": null,
            "id": "/subscriptions/02cb372f-c8c5-4a0c-b9f4-574eeb4d6d38/resourceGroups/fall24-adv-scripting-dstevens-kalinich/providers/Microsoft.Network/publicIPAddresses/myPublicIP",
            "idle_timeout_in_minutes": 4,
            "ip_address": "20.185.244.114",
            "ip_tags": null,
            "ip_version": "IPv4",
            "location": "eastus",
            "name": "myPublicIP",
            "public_ip_prefix_id": null,
            "resource_group_name": "fall24-adv-scripting-dstevens-kalinich",
            "reverse_fqdn": null,
            "sku": "Standard",
            "sku_tier": "Regional",
            "tags": {
              "environment": "Terraform Demo"
            },
            "timeouts": null,
            "zones": null
          },
          "sensitive_attributes": [],
          "private": "eyJlMmJmYjczMC1lY2FhLTExZTYtOGY4OC0zNDM2M2JjN2M0YzAiOnsiY3JlYXRlIjoxODAwMDAwMDAwMDAwLCJkZWxldGUiOjE4MDAwMDAwMDAwMDAsInJlYWQiOjMwMDAwMDAwMDAwMCwidXBkYXRlIjoxODAwMDAwMDAwMDAwfX0="
        }
      ]
    },
    {
      "mode": "managed",
      "type": "azurerm_subnet",
      "name": "myterraformsubnet",
      "provider": "provider[\"registry.terraform.io/hashicorp/azurerm\"]",
      "instances": [
        {
          "schema_version": 0,
          "attributes": {
            "address_prefixes": [
              "10.0.2.0/24"
            ],
            "default_outbound_access_enabled": true,
            "delegation": [],
            "id": "/subscriptions/02cb372f-c8c5-4a0c-b9f4-574eeb4d6d38/resourceGroups/fall24-adv-scripting-dstevens-kalinich/providers/Microsoft.Network/virtualNetworks/myVnet/subnets/mySubnet",
            "name": "mySubnet",
            "private_endpoint_network_policies": "Disabled",
            "private_link_service_network_policies_enabled": true,
            "resource_group_name": "fall24-adv-scripting-dstevens-kalinich",
            "service_endpoint_policy_ids": [],
            "service_endpoints": [],
            "timeouts": null,
            "virtual_network_name": "myVnet"
          },
          "sensitive_attributes": [],
          "private": "eyJlMmJmYjczMC1lY2FhLTExZTYtOGY4OC0zNDM2M2JjN2M0YzAiOnsiY3JlYXRlIjoxODAwMDAwMDAwMDAwLCJkZWxldGUiOjE4MDAwMDAwMDAwMDAsInJlYWQiOjMwMDAwMDAwMDAwMCwidXBkYXRlIjoxODAwMDAwMDAwMDAwfX0=",
          "dependencies": [
            "azurerm_virtual_network.myterraformnetwork"
          ]
        }
      ]
    },
    {
      "mode": "managed",
      "type": "azurerm_virtual_network",
      "name": "myterraformnetwork",
      "provider": "provider[\"registry.terraform.io/hashicorp/azurerm\"]",
      "instances": [
        {
          "schema_version": 0,
          "attributes": {
            "address_space": [
              "10.0.0.0/16"
            ],
            "bgp_community": "",
            "ddos_protection_plan": [],
            "dns_servers": [],
            "edge_zone": "",
            "encryption": [],
            "flow_timeout_in_minutes": 0,
            "guid": "fb7867f9-5639-4832-a7b1-dd15a082b398",
            "id": "/subscriptions/02cb372f-c8c5-4a0c-b9f4-574eeb4d6d38/resourceGroups/fall24-adv-scripting-dstevens-kalinich/providers/Microsoft.Network/virtualNetworks/myVnet",
            "location": "eastus",
            "name": "myVnet",
            "resource_group_name": "fall24-adv-scripting-dstevens-kalinich",
            "subnet": [
              {
                "address_prefixes": [
                  "10.0.2.0/24"
                ],
                "default_outbound_access_enabled": true,
                "delegation": [],
                "id": "/subscriptions/02cb372f-c8c5-4a0c-b9f4-574eeb4d6d38/resourceGroups/fall24-adv-scripting-dstevens-kalinich/providers/Microsoft.Network/virtualNetworks/myVnet/subnets/mySubnet",
                "name": "mySubnet",
                "private_endpoint_network_policies": "Disabled",
                "private_link_service_network_policies_enabled": true,
                "route_table_id": "",
                "security_group": "",
                "service_endpoint_policy_ids": [],
                "service_endpoints": []
              }
            ],
            "tags": {
              "environment": "Terraform Demo"
            },
            "timeouts": null
          },
          "sensitive_attributes": [],
          "private": "eyJlMmJmYjczMC1lY2FhLTExZTYtOGY4OC0zNDM2M2JjN2M0YzAiOnsiY3JlYXRlIjoxODAwMDAwMDAwMDAwLCJkZWxldGUiOjE4MDAwMDAwMDAwMDAsInJlYWQiOjMwMDAwMDAwMDAwMCwidXBkYXRlIjoxODAwMDAwMDAwMDAwfX0="
        }
      ]
    }
  ],
  "check_results": null
}
